
Microsoft Visual Studio Solution File, Format Version 12.00
# Visual Studio 2012
Project("{FAE04EC0-301F-11D3-BF4B-00C04F79EFBC}") = "Assignment-1-ATM_2", "Assignment-1-ATM_2\Assignment-1-ATM_2.csproj", "{BA0A0669-0334-4B88-A58D-5EBD29FAC435}"
EndProject
Global
	GlobalSection(SolutionConfigurationPlatforms) = preSolution
		Debug|Any CPU = Debug|Any CPU
		Release|Any CPU = Release|Any CPU
	EndGlobalSection
	GlobalSection(ProjectConfigurationPlatforms) = postSolution
		{BA0A0669-0334-4B88-A58D-5EBD29FAC435}.Debug|Any CPU.ActiveCfg = Debug|Any CPU
		{BA0A0669-0334-4B88-A58D-5EBD29FAC435}.Debug|Any CPU.Build.0 = Debug|Any CPU
		{BA0A0669-0334-4B88-A58D-5EBD29FAC435}.Release|Any CPU.ActiveCfg = Release|Any CPU
		{BA0A0669-0334-4B88-A58D-5EBD29FAC435}.Release|Any CPU.Build.0 = Release|Any CPU
	EndGlobalSection
EndGlobal
