
Microsoft Visual Studio Solution File, Format Version 12.00
# Visual Studio 2012
Project("{FAE04EC0-301F-11D3-BF4B-00C04F79EFBC}") = "MakingClasses", "MakingClasses\MakingClasses.csproj", "{81B6D1DB-6C46-4247-A6E4-9B3D86A33E44}"
EndProject
Global
	GlobalSection(SolutionConfigurationPlatforms) = preSolution
		Debug|Any CPU = Debug|Any CPU
		Release|Any CPU = Release|Any CPU
	EndGlobalSection
	GlobalSection(ProjectConfigurationPlatforms) = postSolution
		{81B6D1DB-6C46-4247-A6E4-9B3D86A33E44}.Debug|Any CPU.ActiveCfg = Debug|Any CPU
		{81B6D1DB-6C46-4247-A6E4-9B3D86A33E44}.Debug|Any CPU.Build.0 = Debug|Any CPU
		{81B6D1DB-6C46-4247-A6E4-9B3D86A33E44}.Release|Any CPU.ActiveCfg = Release|Any CPU
		{81B6D1DB-6C46-4247-A6E4-9B3D86A33E44}.Release|Any CPU.Build.0 = Release|Any CPU
	EndGlobalSection
EndGlobal
