
Microsoft Visual Studio Solution File, Format Version 12.00
# Visual Studio 2012
Project("{FAE04EC0-301F-11D3-BF4B-00C04F79EFBC}") = "GradeBook_Multi_Student", "GradeBook_Multi_Student\GradeBook_Multi_Student.csproj", "{4F7FE74D-6A41-45C5-B8A8-AE7FFA7A391D}"
EndProject
Global
	GlobalSection(SolutionConfigurationPlatforms) = preSolution
		Debug|Any CPU = Debug|Any CPU
		Release|Any CPU = Release|Any CPU
	EndGlobalSection
	GlobalSection(ProjectConfigurationPlatforms) = postSolution
		{4F7FE74D-6A41-45C5-B8A8-AE7FFA7A391D}.Debug|Any CPU.ActiveCfg = Debug|Any CPU
		{4F7FE74D-6A41-45C5-B8A8-AE7FFA7A391D}.Debug|Any CPU.Build.0 = Debug|Any CPU
		{4F7FE74D-6A41-45C5-B8A8-AE7FFA7A391D}.Release|Any CPU.ActiveCfg = Release|Any CPU
		{4F7FE74D-6A41-45C5-B8A8-AE7FFA7A391D}.Release|Any CPU.Build.0 = Release|Any CPU
	EndGlobalSection
EndGlobal
