
Microsoft Visual Studio Solution File, Format Version 12.00
# Visual Studio 2012
Project("{FAE04EC0-301F-11D3-BF4B-00C04F79EFBC}") = "U_Inheritance", "U_Inheritance\U_Inheritance.csproj", "{A5D67434-6461-4B92-97F0-92F1FB2084BB}"
EndProject
Global
	GlobalSection(SolutionConfigurationPlatforms) = preSolution
		Debug|Any CPU = Debug|Any CPU
		Release|Any CPU = Release|Any CPU
	EndGlobalSection
	GlobalSection(ProjectConfigurationPlatforms) = postSolution
		{A5D67434-6461-4B92-97F0-92F1FB2084BB}.Debug|Any CPU.ActiveCfg = Debug|Any CPU
		{A5D67434-6461-4B92-97F0-92F1FB2084BB}.Debug|Any CPU.Build.0 = Debug|Any CPU
		{A5D67434-6461-4B92-97F0-92F1FB2084BB}.Release|Any CPU.ActiveCfg = Release|Any CPU
		{A5D67434-6461-4B92-97F0-92F1FB2084BB}.Release|Any CPU.Build.0 = Release|Any CPU
	EndGlobalSection
EndGlobal
