
Microsoft Visual Studio Solution File, Format Version 12.00
# Visual Studio 2012
Project("{FAE04EC0-301F-11D3-BF4B-00C04F79EFBC}") = "U_Method_Overloading", "U_Method_Overloading\U_Method_Overloading.csproj", "{772714A8-5D91-4595-A3ED-CB943601F914}"
EndProject
Global
	GlobalSection(SolutionConfigurationPlatforms) = preSolution
		Debug|Any CPU = Debug|Any CPU
		Release|Any CPU = Release|Any CPU
	EndGlobalSection
	GlobalSection(ProjectConfigurationPlatforms) = postSolution
		{772714A8-5D91-4595-A3ED-CB943601F914}.Debug|Any CPU.ActiveCfg = Debug|Any CPU
		{772714A8-5D91-4595-A3ED-CB943601F914}.Debug|Any CPU.Build.0 = Debug|Any CPU
		{772714A8-5D91-4595-A3ED-CB943601F914}.Release|Any CPU.ActiveCfg = Release|Any CPU
		{772714A8-5D91-4595-A3ED-CB943601F914}.Release|Any CPU.Build.0 = Release|Any CPU
	EndGlobalSection
EndGlobal
