
Microsoft Visual Studio Solution File, Format Version 12.00
# Visual Studio 2012
Project("{FAE04EC0-301F-11D3-BF4B-00C04F79EFBC}") = "Assignment-1-ATM", "Assignment-1-ATM\Assignment-1-ATM.csproj", "{8BAE3222-2107-4F88-828F-A67B81FDC0DF}"
EndProject
Global
	GlobalSection(SolutionConfigurationPlatforms) = preSolution
		Debug|Any CPU = Debug|Any CPU
		Release|Any CPU = Release|Any CPU
	EndGlobalSection
	GlobalSection(ProjectConfigurationPlatforms) = postSolution
		{8BAE3222-2107-4F88-828F-A67B81FDC0DF}.Debug|Any CPU.ActiveCfg = Debug|Any CPU
		{8BAE3222-2107-4F88-828F-A67B81FDC0DF}.Debug|Any CPU.Build.0 = Debug|Any CPU
		{8BAE3222-2107-4F88-828F-A67B81FDC0DF}.Release|Any CPU.ActiveCfg = Release|Any CPU
		{8BAE3222-2107-4F88-828F-A67B81FDC0DF}.Release|Any CPU.Build.0 = Release|Any CPU
	EndGlobalSection
EndGlobal
