
Microsoft Visual Studio Solution File, Format Version 12.00
# Visual Studio 2012
Project("{FAE04EC0-301F-11D3-BF4B-00C04F79EFBC}") = "ATM_2-11", "ATM_2-11\ATM_2-11.csproj", "{47E05B36-6617-45A5-AD45-E818BD851956}"
EndProject
Global
	GlobalSection(SolutionConfigurationPlatforms) = preSolution
		Debug|Any CPU = Debug|Any CPU
		Release|Any CPU = Release|Any CPU
	EndGlobalSection
	GlobalSection(ProjectConfigurationPlatforms) = postSolution
		{47E05B36-6617-45A5-AD45-E818BD851956}.Debug|Any CPU.ActiveCfg = Debug|Any CPU
		{47E05B36-6617-45A5-AD45-E818BD851956}.Debug|Any CPU.Build.0 = Debug|Any CPU
		{47E05B36-6617-45A5-AD45-E818BD851956}.Release|Any CPU.ActiveCfg = Release|Any CPU
		{47E05B36-6617-45A5-AD45-E818BD851956}.Release|Any CPU.Build.0 = Release|Any CPU
	EndGlobalSection
EndGlobal
